
Microsoft Visual Studio Solution File, Format Version 12.00
# Visual Studio 14
VisualStudioVersion = 14.0.23107.0
MinimumVisualStudioVersion = 10.0.40219.1
Project("{2150E333-8FDC-42A3-9474-1A3956D46DE8}") = "Src", "Src", "{FC1041A2-937A-476F-B23A-A6FF6B9F527C}"
EndProject
Project("{2150E333-8FDC-42A3-9474-1A3956D46DE8}") = "Test", "Test", "{A54E9FF6-F159-433F-B04B-14EA6C4D5B95}"
EndProject
Project("{FAE04EC0-301F-11D3-BF4B-00C04F79EFBC}") = "Farseer.Net.DI", "Src\Farseer.Net.DI.csproj", "{619D386D-A5E6-49A7-8F99-02F6838080B0}"
EndProject
Project("{FAE04EC0-301F-11D3-BF4B-00C04F79EFBC}") = "Farseer.Net.DI.Tests", "Test\Farseer.Net.DI.Tests\Farseer.Net.DI.Tests.csproj", "{5B636D97-36A3-42D5-A665-A385CC8BB1C2}"
EndProject
Global
	GlobalSection(SolutionConfigurationPlatforms) = preSolution
		Debug|Any CPU = Debug|Any CPU
		Release|Any CPU = Release|Any CPU
	EndGlobalSection
	GlobalSection(ProjectConfigurationPlatforms) = postSolution
		{619D386D-A5E6-49A7-8F99-02F6838080B0}.Debug|Any CPU.ActiveCfg = Debug|Any CPU
		{619D386D-A5E6-49A7-8F99-02F6838080B0}.Debug|Any CPU.Build.0 = Debug|Any CPU
		{619D386D-A5E6-49A7-8F99-02F6838080B0}.Release|Any CPU.ActiveCfg = Release|Any CPU
		{619D386D-A5E6-49A7-8F99-02F6838080B0}.Release|Any CPU.Build.0 = Release|Any CPU
		{5B636D97-36A3-42D5-A665-A385CC8BB1C2}.Debug|Any CPU.ActiveCfg = Debug|Any CPU
		{5B636D97-36A3-42D5-A665-A385CC8BB1C2}.Debug|Any CPU.Build.0 = Debug|Any CPU
		{5B636D97-36A3-42D5-A665-A385CC8BB1C2}.Release|Any CPU.ActiveCfg = Release|Any CPU
		{5B636D97-36A3-42D5-A665-A385CC8BB1C2}.Release|Any CPU.Build.0 = Release|Any CPU
	EndGlobalSection
	GlobalSection(SolutionProperties) = preSolution
		HideSolutionNode = FALSE
	EndGlobalSection
	GlobalSection(NestedProjects) = preSolution
		{619D386D-A5E6-49A7-8F99-02F6838080B0} = {FC1041A2-937A-476F-B23A-A6FF6B9F527C}
		{5B636D97-36A3-42D5-A665-A385CC8BB1C2} = {A54E9FF6-F159-433F-B04B-14EA6C4D5B95}
	EndGlobalSection
EndGlobal
